<?xml version="1.0" encoding="utf-8"?>
<Project ToolsVersion="4.0" xmlns="http://schemas.microsoft.com/developer/msbuild/2003">
  <ItemGroup>
    <Filter Include="소스 파일">
      <UniqueIdentifier>{4FC737F1-C7A5-4376-A066-2A32D752A2FF}</UniqueIdentifier>
      <Extensions>cpp;c;cc;cxx;c++;cppm;ixx;def;odl;idl;hpj;bat;asm;asmx</Extensions>
    </Filter>
    <Filter Include="헤더 파일">
      <UniqueIdentifier>{93995380-89BD-4b04-88EB-625FBE52EBFB}</UniqueIdentifier>
      <Extensions>h;hh;hpp;hxx;h++;hm;inl;inc;ipp;xsd</Extensions>
    </Filter>
    <Filter Include="리소스 파일">
      <UniqueIdentifier>{67DA6AB6-F800-4c08-8B7A-83BB121AAD01}</UniqueIdentifier>
      <Extensions>rc;ico;cur;bmp;dlg;rc2;rct;bin;rgs;gif;jpg;jpeg;jpe;resx;tiff;tif;png;wav;mfcribbon-ms</Extensions>
    </Filter>
    <Filter Include="SQLite">
      <UniqueIdentifier>{7afa3f00-77ee-47d7-a072-981cf91c5ab5}</UniqueIdentifier>
    </Filter>
    <Filter Include="Util">
      <UniqueIdentifier>{bce4b7fb-6cf5-4732-ae7b-413b107d77d1}</UniqueIdentifier>
    </Filter>
    <Filter Include="Dialog">
      <UniqueIdentifier>{ba360f54-b16f-47ad-9a30-e9991c8f751c}</UniqueIdentifier>
    </Filter>
    <Filter Include="Dialog\Main">
      <UniqueIdentifier>{a4bf68d4-3f8b-4ede-8909-dbf2c1611558}</UniqueIdentifier>
    </Filter>
  </ItemGroup>
  <ItemGroup>
    <ClInclude Include="Login.h">
      <Filter>헤더 파일</Filter>
    </ClInclude>
    <ClInclude Include="framework.h">
      <Filter>헤더 파일</Filter>
    </ClInclude>
    <ClInclude Include="targetver.h">
      <Filter>헤더 파일</Filter>
    </ClInclude>
    <ClInclude Include="Resource.h">
      <Filter>헤더 파일</Filter>
    </ClInclude>
    <ClInclude Include="pch.h">
      <Filter>헤더 파일</Filter>
    </ClInclude>
    <ClInclude Include="..\SQLite\LNSSQLiteDB.h">
      <Filter>SQLite</Filter>
    </ClInclude>
    <ClInclude Include="..\SQLite\sqlite3.h">
      <Filter>SQLite</Filter>
    </ClInclude>
    <ClInclude Include="..\SQLite\CppSQLite3.h">
      <Filter>SQLite</Filter>
    </ClInclude>
    <ClInclude Include="TypeCheck.h">
      <Filter>Util</Filter>
    </ClInclude>
    <ClInclude Include="Util.h">
      <Filter>Util</Filter>
    </ClInclude>
    <ClInclude Include="LoginDlg.h">
      <Filter>Dialog</Filter>
    </ClInclude>
    <ClInclude Include="UserControlDlg.h">
      <Filter>Dialog</Filter>
    </ClInclude>
    <ClInclude Include="UserInfoDlg.h">
      <Filter>Dialog</Filter>
    </ClInclude>
    <ClInclude Include="UserManageDlg.h">
      <Filter>Dialog</Filter>
    </ClInclude>
    <ClInclude Include="projectDefine.h">
      <Filter>Util</Filter>
    </ClInclude>
    <ClInclude Include="MainDlg.h">
      <Filter>Dialog\Main</Filter>
    </ClInclude>
  </ItemGroup>
  <ItemGroup>
    <ClCompile Include="Login.cpp">
      <Filter>소스 파일</Filter>
    </ClCompile>
    <ClCompile Include="pch.cpp">
      <Filter>소스 파일</Filter>
    </ClCompile>
    <ClCompile Include="..\SQLite\LNSSQLiteDB.cpp">
      <Filter>SQLite</Filter>
    </ClCompile>
    <ClCompile Include="..\SQLite\CppSQLite3.cpp">
      <Filter>SQLite</Filter>
    </ClCompile>
    <ClCompile Include="Util.cpp">
      <Filter>Util</Filter>
    </ClCompile>
    <ClCompile Include="TypeCheck.cpp">
      <Filter>Util</Filter>
    </ClCompile>
    <ClCompile Include="LoginDlg.cpp">
      <Filter>Dialog</Filter>
    </ClCompile>
    <ClCompile Include="UserControlDlg.cpp">
      <Filter>Dialog</Filter>
    </ClCompile>
    <ClCompile Include="UserInfoDlg.cpp">
      <Filter>Dialog</Filter>
    </ClCompile>
    <ClCompile Include="UserManageDlg.cpp">
      <Filter>Dialog</Filter>
    </ClCompile>
    <ClCompile Include="MainDlg.cpp">
      <Filter>Dialog\Main</Filter>
    </ClCompile>
  </ItemGroup>
  <ItemGroup>
    <ResourceCompile Include="Login.rc">
      <Filter>리소스 파일</Filter>
    </ResourceCompile>
  </ItemGroup>
  <ItemGroup>
    <None Include="res\Login.rc2">
      <Filter>리소스 파일</Filter>
    </None>
  </ItemGroup>
  <ItemGroup>
    <Image Include="res\Login.ico">
      <Filter>리소스 파일</Filter>
    </Image>
  </ItemGroup>
</Project>